// !$*UTF8*$!
{
	archiveVersion = 1;
	classes = {
	};
	objectVersion = 77;
	objects = {

/* Begin PBXBuildFile section */
		02DC7D9D7CF86125DB275B5B /* PersistenceController.swift in Sources */ = {isa = PBXBuildFile; fileRef = 4020C68F58EB554EEFE9FD79 /* PersistenceController.swift */; };
		03BC6C20693E4AF37AC9762B /* TodoRepositoryInterface.swift in Sources */ = {isa = PBXBuildFile; fileRef = CC35CBC2855AF02EE7B9A7C1 /* TodoRepositoryInterface.swift */; };
		1B97A9D7682586F888E7D0A1 /* Main.storyboard in Resources */ = {isa = PBXBuildFile; fileRef = 2DE0B9485D426FE713E47551 /* Main.storyboard */; };
		1E1460ECFC116DCA126A30C3 /* TodoLocalDataSource.swift in Sources */ = {isa = PBXBuildFile; fileRef = E935BBF58D1FF7CE6C1DBABA /* TodoLocalDataSource.swift */; };
		31EAF9EA4858BA9ED7A78895 /* login.html in Resources */ = {isa = PBXBuildFile; fileRef = D742E8115F565F6BD314A84A /* login.html */; };
		37D42429D0AB98EDFBCADA93 /* TodoListViewModel.swift in Sources */ = {isa = PBXBuildFile; fileRef = B38105128061E34E16EA23C0 /* TodoListViewModel.swift */; };
		3D5BAFA69AE385198A87D9C2 /* TodoFormViewController.swift in Sources */ = {isa = PBXBuildFile; fileRef = 7F2C82E1E203ED05A25B3FD3 /* TodoFormViewController.swift */; };
		4F73F4215FC5F64FFC0AB5FD /* TodoTableViewCell.swift in Sources */ = {isa = PBXBuildFile; fileRef = 76A471067C98AE6126E5A647 /* TodoTableViewCell.swift */; };
		5F19EA81F3EE2483955E616B /* LoginWebViewController.swift in Sources */ = {isa = PBXBuildFile; fileRef = E0EA4316C338010AA6F118CE /* LoginWebViewController.swift */; };
		84765C2F64C54C6AFA00AC59 /* AppDelegate.swift in Sources */ = {isa = PBXBuildFile; fileRef = 672FC3E7FEC1DFE53590C134 /* AppDelegate.swift */; };
		902E9FD5FF06AAB36358F7BD /* AuthRouter.swift in Sources */ = {isa = PBXBuildFile; fileRef = CB8D613D5F53FFE4C2846C92 /* AuthRouter.swift */; };
		9381A927BF5DE55A5EA722F4 /* SceneDelegate.swift in Sources */ = {isa = PBXBuildFile; fileRef = 1D41EFFDE2ADE0B9BCF5F726 /* SceneDelegate.swift */; };
		99A59B2C982F5AD3F9174990 /* TodoWebViewController.swift in Sources */ = {isa = PBXBuildFile; fileRef = 0F900B27AE92812EDD8D08D8 /* TodoWebViewController.swift */; };
		9B8D9B69392E3E95BB331420 /* AuthViewModel.swift in Sources */ = {isa = PBXBuildFile; fileRef = 0F1C6D0349DC1F0D71C9C685 /* AuthViewModel.swift */; };
		9D1953EFA56D7E286140C7FB /* Todo.swift in Sources */ = {isa = PBXBuildFile; fileRef = 7D1FEAD669D8C332A158D9A2 /* Todo.swift */; };
		A03ED53C6259EE05975EFE3F /* LoginViewController.swift in Sources */ = {isa = PBXBuildFile; fileRef = 260B166056F3B7CF41D08176 /* LoginViewController.swift */; };
		A0BE5498AC2598D2BECB45EE /* PriorityBadgeView.swift in Sources */ = {isa = PBXBuildFile; fileRef = 14F03283F8AF89597E39070F /* PriorityBadgeView.swift */; };
		A212F3EF649C6CA1D76B8697 /* TodoRemoteDataSource.swift in Sources */ = {isa = PBXBuildFile; fileRef = 68E27EDE51DC5FF2675BA8D6 /* TodoRemoteDataSource.swift */; };
		A749CA09C5870A08D858FF56 /* LaunchScreen.storyboard in Resources */ = {isa = PBXBuildFile; fileRef = 9E8814370F4604823C34952F /* LaunchScreen.storyboard */; };
		C831DDCC5EB33973A0DA9479 /* TodoRepository.swift in Sources */ = {isa = PBXBuildFile; fileRef = 1511EF9DA6EB6A439ECC8D77 /* TodoRepository.swift */; };
		D25A7CBB1D728D0D8A359AC1 /* TodoApp.xcdatamodeld in Sources */ = {isa = PBXBuildFile; fileRef = 8F2B87A46B4C8EF12B81EBD3 /* TodoApp.xcdatamodeld */; };
		DAC6226671B9950552DD67EA /* TodoListViewController.swift in Sources */ = {isa = PBXBuildFile; fileRef = DD884372F390ABEE2A6892B6 /* TodoListViewController.swift */; };
		DDB8CC9A1D0BB050255CDFD2 /* TodoEntity+Extensions.swift in Sources */ = {isa = PBXBuildFile; fileRef = 12B5DDB2759D3D1BAC64308E /* TodoEntity+Extensions.swift */; };
		F976249A85269EB7D61722D9 /* TodoDetailViewController.swift in Sources */ = {isa = PBXBuildFile; fileRef = 67FCEB9871F1D580EA376BAB /* TodoDetailViewController.swift */; };
		FF829A8EA6A62788AD4D1220 /* TodoAppTests.swift in Sources */ = {isa = PBXBuildFile; fileRef = E0572A6928639398CA5236A8 /* TodoAppTests.swift */; };
/* End PBXBuildFile section */

/* Begin PBXContainerItemProxy section */
		5CAA096661FF86A30D4348D3 /* PBXContainerItemProxy */ = {
			isa = PBXContainerItemProxy;
			containerPortal = D5CCD88A2C3D798F3E5DB9F1 /* Project object */;
			proxyType = 1;
			remoteGlobalIDString = D5F9134849947BBF05BF6F45;
			remoteInfo = TodoApp;
		};
/* End PBXContainerItemProxy section */

/* Begin PBXFileReference section */
		0F1C6D0349DC1F0D71C9C685 /* AuthViewModel.swift */ = {isa = PBXFileReference; lastKnownFileType = sourcecode.swift; path = AuthViewModel.swift; sourceTree = "<group>"; };
		0F900B27AE92812EDD8D08D8 /* TodoWebViewController.swift */ = {isa = PBXFileReference; lastKnownFileType = sourcecode.swift; path = TodoWebViewController.swift; sourceTree = "<group>"; };
		12B5DDB2759D3D1BAC64308E /* TodoEntity+Extensions.swift */ = {isa = PBXFileReference; lastKnownFileType = sourcecode.swift; path = "TodoEntity+Extensions.swift"; sourceTree = "<group>"; };
		14F03283F8AF89597E39070F /* PriorityBadgeView.swift */ = {isa = PBXFileReference; lastKnownFileType = sourcecode.swift; path = PriorityBadgeView.swift; sourceTree = "<group>"; };
		1511EF9DA6EB6A439ECC8D77 /* TodoRepository.swift */ = {isa = PBXFileReference; lastKnownFileType = sourcecode.swift; path = TodoRepository.swift; sourceTree = "<group>"; };
		1D41EFFDE2ADE0B9BCF5F726 /* SceneDelegate.swift */ = {isa = PBXFileReference; lastKnownFileType = sourcecode.swift; path = SceneDelegate.swift; sourceTree = "<group>"; };
		20202EB39E9DC75329379E10 /* Info.plist */ = {isa = PBXFileReference; lastKnownFileType = text.plist; path = Info.plist; sourceTree = "<group>"; };
		260B166056F3B7CF41D08176 /* LoginViewController.swift */ = {isa = PBXFileReference; lastKnownFileType = sourcecode.swift; path = LoginViewController.swift; sourceTree = "<group>"; };
		2DE0B9485D426FE713E47551 /* Main.storyboard */ = {isa = PBXFileReference; lastKnownFileType = file.storyboard; path = Main.storyboard; sourceTree = "<group>"; };
		2FC1884FEA6C1D7D021F6F33 /* .gitignore */ = {isa = PBXFileReference; path = .gitignore; sourceTree = "<group>"; };
		4020C68F58EB554EEFE9FD79 /* PersistenceController.swift */ = {isa = PBXFileReference; lastKnownFileType = sourcecode.swift; path = PersistenceController.swift; sourceTree = "<group>"; };
		4C372423DB2F2E1F9E426922 /* TodoAppTests.xctest */ = {isa = PBXFileReference; includeInIndex = 0; lastKnownFileType = wrapper.cfbundle; path = TodoAppTests.xctest; sourceTree = BUILT_PRODUCTS_DIR; };
		672FC3E7FEC1DFE53590C134 /* AppDelegate.swift */ = {isa = PBXFileReference; lastKnownFileType = sourcecode.swift; path = AppDelegate.swift; sourceTree = "<group>"; };
		67FCEB9871F1D580EA376BAB /* TodoDetailViewController.swift */ = {isa = PBXFileReference; lastKnownFileType = sourcecode.swift; path = TodoDetailViewController.swift; sourceTree = "<group>"; };
		68E27EDE51DC5FF2675BA8D6 /* TodoRemoteDataSource.swift */ = {isa = PBXFileReference; lastKnownFileType = sourcecode.swift; path = TodoRemoteDataSource.swift; sourceTree = "<group>"; };
		76A471067C98AE6126E5A647 /* TodoTableViewCell.swift */ = {isa = PBXFileReference; lastKnownFileType = sourcecode.swift; path = TodoTableViewCell.swift; sourceTree = "<group>"; };
		7D1FEAD669D8C332A158D9A2 /* Todo.swift */ = {isa = PBXFileReference; lastKnownFileType = sourcecode.swift; path = Todo.swift; sourceTree = "<group>"; };
		7F2C82E1E203ED05A25B3FD3 /* TodoFormViewController.swift */ = {isa = PBXFileReference; lastKnownFileType = sourcecode.swift; path = TodoFormViewController.swift; sourceTree = "<group>"; };
		9E8814370F4604823C34952F /* LaunchScreen.storyboard */ = {isa = PBXFileReference; lastKnownFileType = file.storyboard; path = LaunchScreen.storyboard; sourceTree = "<group>"; };
		B38105128061E34E16EA23C0 /* TodoListViewModel.swift */ = {isa = PBXFileReference; lastKnownFileType = sourcecode.swift; path = TodoListViewModel.swift; sourceTree = "<group>"; };
		B5F6B57E87AB7768C585D59A /* TodoApp.xcdatamodel */ = {isa = PBXFileReference; lastKnownFileType = wrapper.xcdatamodel; path = TodoApp.xcdatamodel; sourceTree = "<group>"; };
		CB8D613D5F53FFE4C2846C92 /* AuthRouter.swift */ = {isa = PBXFileReference; lastKnownFileType = sourcecode.swift; path = AuthRouter.swift; sourceTree = "<group>"; };
		CC35CBC2855AF02EE7B9A7C1 /* TodoRepositoryInterface.swift */ = {isa = PBXFileReference; lastKnownFileType = sourcecode.swift; path = TodoRepositoryInterface.swift; sourceTree = "<group>"; };
		D742E8115F565F6BD314A84A /* login.html */ = {isa = PBXFileReference; lastKnownFileType = text.html; path = login.html; sourceTree = "<group>"; };
		DD884372F390ABEE2A6892B6 /* TodoListViewController.swift */ = {isa = PBXFileReference; lastKnownFileType = sourcecode.swift; path = TodoListViewController.swift; sourceTree = "<group>"; };
		E0572A6928639398CA5236A8 /* TodoAppTests.swift */ = {isa = PBXFileReference; lastKnownFileType = sourcecode.swift; path = TodoAppTests.swift; sourceTree = "<group>"; };
		E0EA4316C338010AA6F118CE /* LoginWebViewController.swift */ = {isa = PBXFileReference; lastKnownFileType = sourcecode.swift; path = LoginWebViewController.swift; sourceTree = "<group>"; };
		E935BBF58D1FF7CE6C1DBABA /* TodoLocalDataSource.swift */ = {isa = PBXFileReference; lastKnownFileType = sourcecode.swift; path = TodoLocalDataSource.swift; sourceTree = "<group>"; };
		EADA213F4541B61585756D49 /* TodoApp.app */ = {isa = PBXFileReference; includeInIndex = 0; lastKnownFileType = wrapper.application; path = TodoApp.app; sourceTree = BUILT_PRODUCTS_DIR; };
/* End PBXFileReference section */

/* Begin PBXGroup section */
		150D9BBE694CC47DC8D5F471 /* Features */ = {
			isa = PBXGroup;
			children = (
				8417808C48D20312DC5DBF5D /* Auth */,
				459BC7F57E5BE7B0C4D89D94 /* Todo */,
				FEC77E95646E07AD237DF32B /* WebView */,
			);
			path = Features;
			sourceTree = "<group>";
		};
		349DB45D09325AF1AE6AEE42 /* TodoApp */ = {
			isa = PBXGroup;
			children = (
				2FC1884FEA6C1D7D021F6F33 /* .gitignore */,
				20202EB39E9DC75329379E10 /* Info.plist */,
				E9E44982AC115A9E9CFE5A0F /* App */,
				BFFA5228959C8D87AD2D72FC /* CoreData */,
				150D9BBE694CC47DC8D5F471 /* Features */,
				A52D136FE573F3A21479C6B6 /* Navigation */,
				6CFAF9DF9F41E8E2ECAA77DF /* Resources */,
				7A396C8B3E113E6690CF6F65 /* Storyboard */,
			);
			path = TodoApp;
			sourceTree = "<group>";
		};
		3D36F4AA757D70D0C1FF8B0A = {
			isa = PBXGroup;
			children = (
				349DB45D09325AF1AE6AEE42 /* TodoApp */,
				5BD4BD76FB7BA206520DE002 /* TodoAppTests */,
				4EDD04624576019E4E606CEE /* Products */,
			);
			sourceTree = "<group>";
		};
		459BC7F57E5BE7B0C4D89D94 /* Todo */ = {
			isa = PBXGroup;
			children = (
				7D1FEAD669D8C332A158D9A2 /* Todo.swift */,
				B38105128061E34E16EA23C0 /* TodoListViewModel.swift */,
				528913B529DC9C8BBF24C7BF /* Data */,
				CFF93E0D3BF30314B353703B /* Domain */,
				98788001C0483B56FE541CDF /* ViewControllers */,
				9E832602A9E502F78AE21B39 /* Views */,
			);
			path = Todo;
			sourceTree = "<group>";
		};
		4EDD04624576019E4E606CEE /* Products */ = {
			isa = PBXGroup;
			children = (
				EADA213F4541B61585756D49 /* TodoApp.app */,
				4C372423DB2F2E1F9E426922 /* TodoAppTests.xctest */,
			);
			name = Products;
			sourceTree = "<group>";
		};
		528913B529DC9C8BBF24C7BF /* Data */ = {
			isa = PBXGroup;
			children = (
				1511EF9DA6EB6A439ECC8D77 /* TodoRepository.swift */,
				642CA6A582E0400C05BE8529 /* Local */,
				6FAA913EC3D0B34285B381DA /* Remote */,
			);
			path = Data;
			sourceTree = "<group>";
		};
		5BD4BD76FB7BA206520DE002 /* TodoAppTests */ = {
			isa = PBXGroup;
			children = (
				E0572A6928639398CA5236A8 /* TodoAppTests.swift */,
			);
			path = TodoAppTests;
			sourceTree = "<group>";
		};
		642CA6A582E0400C05BE8529 /* Local */ = {
			isa = PBXGroup;
			children = (
				12B5DDB2759D3D1BAC64308E /* TodoEntity+Extensions.swift */,
				E935BBF58D1FF7CE6C1DBABA /* TodoLocalDataSource.swift */,
			);
			path = Local;
			sourceTree = "<group>";
		};
		6CFAF9DF9F41E8E2ECAA77DF /* Resources */ = {
			isa = PBXGroup;
			children = (
				D742E8115F565F6BD314A84A /* login.html */,
			);
			path = Resources;
			sourceTree = "<group>";
		};
		6FAA913EC3D0B34285B381DA /* Remote */ = {
			isa = PBXGroup;
			children = (
				68E27EDE51DC5FF2675BA8D6 /* TodoRemoteDataSource.swift */,
			);
			path = Remote;
			sourceTree = "<group>";
		};
		7A396C8B3E113E6690CF6F65 /* Storyboard */ = {
			isa = PBXGroup;
			children = (
				9E8814370F4604823C34952F /* LaunchScreen.storyboard */,
				2DE0B9485D426FE713E47551 /* Main.storyboard */,
			);
			path = Storyboard;
			sourceTree = "<group>";
		};
		8417808C48D20312DC5DBF5D /* Auth */ = {
			isa = PBXGroup;
			children = (
				0F1C6D0349DC1F0D71C9C685 /* AuthViewModel.swift */,
				260B166056F3B7CF41D08176 /* LoginViewController.swift */,
				E0EA4316C338010AA6F118CE /* LoginWebViewController.swift */,
			);
			path = Auth;
			sourceTree = "<group>";
		};
		98788001C0483B56FE541CDF /* ViewControllers */ = {
			isa = PBXGroup;
			children = (
				67FCEB9871F1D580EA376BAB /* TodoDetailViewController.swift */,
				7F2C82E1E203ED05A25B3FD3 /* TodoFormViewController.swift */,
				DD884372F390ABEE2A6892B6 /* TodoListViewController.swift */,
			);
			path = ViewControllers;
			sourceTree = "<group>";
		};
		9E832602A9E502F78AE21B39 /* Views */ = {
			isa = PBXGroup;
			children = (
				14F03283F8AF89597E39070F /* PriorityBadgeView.swift */,
				76A471067C98AE6126E5A647 /* TodoTableViewCell.swift */,
			);
			path = Views;
			sourceTree = "<group>";
		};
		A52D136FE573F3A21479C6B6 /* Navigation */ = {
			isa = PBXGroup;
			children = (
				CB8D613D5F53FFE4C2846C92 /* AuthRouter.swift */,
			);
			path = Navigation;
			sourceTree = "<group>";
		};
		BFFA5228959C8D87AD2D72FC /* CoreData */ = {
			isa = PBXGroup;
			children = (
				4020C68F58EB554EEFE9FD79 /* PersistenceController.swift */,
				8F2B87A46B4C8EF12B81EBD3 /* TodoApp.xcdatamodeld */,
			);
			path = CoreData;
			sourceTree = "<group>";
		};
		CFF93E0D3BF30314B353703B /* Domain */ = {
			isa = PBXGroup;
			children = (
				CC35CBC2855AF02EE7B9A7C1 /* TodoRepositoryInterface.swift */,
			);
			path = Domain;
			sourceTree = "<group>";
		};
		E9E44982AC115A9E9CFE5A0F /* App */ = {
			isa = PBXGroup;
			children = (
				672FC3E7FEC1DFE53590C134 /* AppDelegate.swift */,
				1D41EFFDE2ADE0B9BCF5F726 /* SceneDelegate.swift */,
			);
			path = App;
			sourceTree = "<group>";
		};
		FEC77E95646E07AD237DF32B /* WebView */ = {
			isa = PBXGroup;
			children = (
				0F900B27AE92812EDD8D08D8 /* TodoWebViewController.swift */,
			);
			path = WebView;
			sourceTree = "<group>";
		};
/* End PBXGroup section */

/* Begin PBXNativeTarget section */
		5789862D7AA94B62EBA82D9C /* TodoAppTests */ = {
			isa = PBXNativeTarget;
			buildConfigurationList = B293867205C530DA6B211F0B /* Build configuration list for PBXNativeTarget "TodoAppTests" */;
			buildPhases = (
				C813CA76154257A1B47B1002 /* Sources */,
			);
			buildRules = (
			);
			dependencies = (
				941CFC158D43A1F72FADEE7B /* PBXTargetDependency */,
			);
			name = TodoAppTests;
			packageProductDependencies = (
			);
			productName = TodoAppTests;
			productReference = 4C372423DB2F2E1F9E426922 /* TodoAppTests.xctest */;
			productType = "com.apple.product-type.bundle.unit-test";
		};
		D5F9134849947BBF05BF6F45 /* TodoApp */ = {
			isa = PBXNativeTarget;
			buildConfigurationList = 99DCFE5B50D6C8BFF21086C8 /* Build configuration list for PBXNativeTarget "TodoApp" */;
			buildPhases = (
				8ACD60D15C266AEBEEC9CD21 /* Sources */,
				761EB01B26D67B9D661C9B9E /* Resources */,
			);
			buildRules = (
			);
			dependencies = (
			);
			name = TodoApp;
			packageProductDependencies = (
			);
			productName = TodoApp;
			productReference = EADA213F4541B61585756D49 /* TodoApp.app */;
			productType = "com.apple.product-type.application";
		};
/* End PBXNativeTarget section */

/* Begin PBXProject section */
		D5CCD88A2C3D798F3E5DB9F1 /* Project object */ = {
			isa = PBXProject;
			attributes = {
				BuildIndependentTargetsInParallel = YES;
				LastUpgradeCheck = 1600;
				TargetAttributes = {
					5789862D7AA94B62EBA82D9C = {
						DevelopmentTeam = "";
					};
					D5F9134849947BBF05BF6F45 = {
						DevelopmentTeam = "";
					};
				};
			};
			buildConfigurationList = 8BC8FF42EC323B180129841B /* Build configuration list for PBXProject "TodoApp" */;
			developmentRegion = en;
			hasScannedForEncodings = 0;
			knownRegions = (
				Base,
				en,
			);
			mainGroup = 3D36F4AA757D70D0C1FF8B0A;
			minimizedProjectReferenceProxies = 1;
			preferredProjectObjectVersion = 77;
			productRefGroup = 4EDD04624576019E4E606CEE /* Products */;
			projectDirPath = "";
			projectRoot = "";
			targets = (
				D5F9134849947BBF05BF6F45 /* TodoApp */,
				5789862D7AA94B62EBA82D9C /* TodoAppTests */,
			);
		};
/* End PBXProject section */

/* Begin PBXResourcesBuildPhase section */
		761EB01B26D67B9D661C9B9E /* Resources */ = {
			isa = PBXResourcesBuildPhase;
			buildActionMask = 2147483647;
			files = (
				A749CA09C5870A08D858FF56 /* LaunchScreen.storyboard in Resources */,
				1B97A9D7682586F888E7D0A1 /* Main.storyboard in Resources */,
				31EAF9EA4858BA9ED7A78895 /* login.html in Resources */,
			);
			runOnlyForDeploymentPostprocessing = 0;
		};
/* End PBXResourcesBuildPhase section */

/* Begin PBXSourcesBuildPhase section */
		8ACD60D15C266AEBEEC9CD21 /* Sources */ = {
			isa = PBXSourcesBuildPhase;
			buildActionMask = 2147483647;
			files = (
				84765C2F64C54C6AFA00AC59 /* AppDelegate.swift in Sources */,
				902E9FD5FF06AAB36358F7BD /* AuthRouter.swift in Sources */,
				9B8D9B69392E3E95BB331420 /* AuthViewModel.swift in Sources */,
				A03ED53C6259EE05975EFE3F /* LoginViewController.swift in Sources */,
				5F19EA81F3EE2483955E616B /* LoginWebViewController.swift in Sources */,
				02DC7D9D7CF86125DB275B5B /* PersistenceController.swift in Sources */,
				A0BE5498AC2598D2BECB45EE /* PriorityBadgeView.swift in Sources */,
				9381A927BF5DE55A5EA722F4 /* SceneDelegate.swift in Sources */,
				9D1953EFA56D7E286140C7FB /* Todo.swift in Sources */,
				D25A7CBB1D728D0D8A359AC1 /* TodoApp.xcdatamodeld in Sources */,
				F976249A85269EB7D61722D9 /* TodoDetailViewController.swift in Sources */,
				DDB8CC9A1D0BB050255CDFD2 /* TodoEntity+Extensions.swift in Sources */,
				3D5BAFA69AE385198A87D9C2 /* TodoFormViewController.swift in Sources */,
				DAC6226671B9950552DD67EA /* TodoListViewController.swift in Sources */,
				37D42429D0AB98EDFBCADA93 /* TodoListViewModel.swift in Sources */,
				1E1460ECFC116DCA126A30C3 /* TodoLocalDataSource.swift in Sources */,
				A212F3EF649C6CA1D76B8697 /* TodoRemoteDataSource.swift in Sources */,
				C831DDCC5EB33973A0DA9479 /* TodoRepository.swift in Sources */,
				03BC6C20693E4AF37AC9762B /* TodoRepositoryInterface.swift in Sources */,
				4F73F4215FC5F64FFC0AB5FD /* TodoTableViewCell.swift in Sources */,
				99A59B2C982F5AD3F9174990 /* TodoWebViewController.swift in Sources */,
			);
			runOnlyForDeploymentPostprocessing = 0;
		};
		C813CA76154257A1B47B1002 /* Sources */ = {
			isa = PBXSourcesBuildPhase;
			buildActionMask = 2147483647;
			files = (
				FF829A8EA6A62788AD4D1220 /* TodoAppTests.swift in Sources */,
			);
			runOnlyForDeploymentPostprocessing = 0;
		};
/* End PBXSourcesBuildPhase section */

/* Begin PBXTargetDependency section */
		941CFC158D43A1F72FADEE7B /* PBXTargetDependency */ = {
			isa = PBXTargetDependency;
			target = D5F9134849947BBF05BF6F45 /* TodoApp */;
			targetProxy = 5CAA096661FF86A30D4348D3 /* PBXContainerItemProxy */;
		};
/* End PBXTargetDependency section */

/* Begin XCBuildConfiguration section */
		1EA9816CE99286CA7113DAD4 /* Debug */ = {
			isa = XCBuildConfiguration;
			buildSettings = {
				BUNDLE_LOADER = "$(TEST_HOST)";
				LD_RUNPATH_SEARCH_PATHS = (
					"$(inherited)",
					"@executable_path/Frameworks",
					"@loader_path/Frameworks",
				);
				PRODUCT_BUNDLE_IDENTIFIER = com.example.TodoAppStoryboardTests;
				SDKROOT = iphoneos;
				TARGETED_DEVICE_FAMILY = "1,2";
				TEST_HOST = "$(BUILT_PRODUCTS_DIR)/TodoApp.app/TodoApp";
			};
			name = Debug;
		};
		3D3DB130D4BEEF6713BEA8C6 /* Debug */ = {
			isa = XCBuildConfiguration;
			buildSettings = {
				ASSETCATALOG_COMPILER_APPICON_NAME = AppIcon;
				CODE_SIGN_IDENTITY = "iPhone Developer";
				COREDATA_CODEGEN_SWIFT_STANDARD_LIBRARY_SUPPORT = YES;
				INFOPLIST_FILE = TodoApp/Info.plist;
				IPHONEOS_DEPLOYMENT_TARGET = 17.0;
				LD_RUNPATH_SEARCH_PATHS = (
					"$(inherited)",
					"@executable_path/Frameworks",
				);
				PRODUCT_BUNDLE_IDENTIFIER = com.example.TodoAppStoryboard;
				SDKROOT = iphoneos;
				SWIFT_VERSION = 6.0;
				TARGETED_DEVICE_FAMILY = "1,2";
			};
			name = Debug;
		};
		55551A49B53257599BC6FBB0 /* Release */ = {
			isa = XCBuildConfiguration;
			buildSettings = {
				BUNDLE_LOADER = "$(TEST_HOST)";
				LD_RUNPATH_SEARCH_PATHS = (
					"$(inherited)",
					"@executable_path/Frameworks",
					"@loader_path/Frameworks",
				);
				PRODUCT_BUNDLE_IDENTIFIER = com.example.TodoAppStoryboardTests;
				SDKROOT = iphoneos;
				TARGETED_DEVICE_FAMILY = "1,2";
				TEST_HOST = "$(BUILT_PRODUCTS_DIR)/TodoApp.app/TodoApp";
			};
			name = Release;
		};
		6E6041295D8E2A3A4F5AD6B1 /* Debug */ = {
			isa = XCBuildConfiguration;
			buildSettings = {
				ALWAYS_SEARCH_USER_PATHS = NO;
				CLANG_ANALYZER_NONNULL = YES;
				CLANG_ANALYZER_NUMBER_OBJECT_CONVERSION = YES_AGGRESSIVE;
				CLANG_CXX_LANGUAGE_STANDARD = "gnu++14";
				CLANG_CXX_LIBRARY = "libc++";
				CLANG_ENABLE_MODULES = YES;
				CLANG_ENABLE_OBJC_ARC = YES;
				CLANG_ENABLE_OBJC_WEAK = YES;
				CLANG_WARN_BLOCK_CAPTURE_AUTORELEASING = YES;
				CLANG_WARN_BOOL_CONVERSION = YES;
				CLANG_WARN_COMMA = YES;
				CLANG_WARN_CONSTANT_CONVERSION = YES;
				CLANG_WARN_DEPRECATED_OBJC_IMPLEMENTATIONS = YES;
				CLANG_WARN_DIRECT_OBJC_ISA_USAGE = YES_ERROR;
				CLANG_WARN_DOCUMENTATION_COMMENTS = YES;
				CLANG_WARN_EMPTY_BODY = YES;
				CLANG_WARN_ENUM_CONVERSION = YES;
				CLANG_WARN_INFINITE_RECURSION = YES;
				CLANG_WARN_INT_CONVERSION = YES;
				CLANG_WARN_NON_LITERAL_NULL_CONVERSION = YES;
				CLANG_WARN_OBJC_IMPLICIT_RETAIN_SELF = YES;
				CLANG_WARN_OBJC_LITERAL_CONVERSION = YES;
				CLANG_WARN_OBJC_ROOT_CLASS = YES_ERROR;
				CLANG_WARN_QUOTED_INCLUDE_IN_FRAMEWORK_HEADER = YES;
				CLANG_WARN_RANGE_LOOP_ANALYSIS = YES;
				CLANG_WARN_STRICT_PROTOTYPES = YES;
				CLANG_WARN_SUSPICIOUS_MOVE = YES;
				CLANG_WARN_UNGUARDED_AVAILABILITY = YES_AGGRESSIVE;
				CLANG_WARN_UNREACHABLE_CODE = YES;
				CLANG_WARN__DUPLICATE_METHOD_MATCH = YES;
				COPY_PHASE_STRIP = NO;
				DEBUG_INFORMATION_FORMAT = dwarf;
				DEVELOPMENT_TEAM = "";
				ENABLE_STRICT_OBJC_MSGSEND = YES;
				ENABLE_TESTABILITY = YES;
				GCC_C_LANGUAGE_STANDARD = gnu11;
				GCC_DYNAMIC_NO_PIC = NO;
				GCC_NO_COMMON_BLOCKS = YES;
				GCC_OPTIMIZATION_LEVEL = 0;
				GCC_PREPROCESSOR_DEFINITIONS = (
					"$(inherited)",
					"DEBUG=1",
				);
				GCC_WARN_64_TO_32_BIT_CONVERSION = YES;
				GCC_WARN_ABOUT_RETURN_TYPE = YES_ERROR;
				GCC_WARN_UNDECLARED_SELECTOR = YES;
				GCC_WARN_UNINITIALIZED_AUTOS = YES_AGGRESSIVE;
				GCC_WARN_UNUSED_FUNCTION = YES;
				GCC_WARN_UNUSED_VARIABLE = YES;
				IPHONEOS_DEPLOYMENT_TARGET = 17.0;
				MTL_ENABLE_DEBUG_INFO = INCLUDE_SOURCE;
				MTL_FAST_MATH = YES;
				ONLY_ACTIVE_ARCH = YES;
				PRODUCT_NAME = "$(TARGET_NAME)";
				SDKROOT = iphoneos;
				SWIFT_ACTIVE_COMPILATION_CONDITIONS = DEBUG;
				SWIFT_OPTIMIZATION_LEVEL = "-Onone";
				SWIFT_VERSION = 6.0;
			};
			name = Debug;
		};
		8702B1E4B249172B384378F1 /* Release */ = {
			isa = XCBuildConfiguration;
			buildSettings = {
				ALWAYS_SEARCH_USER_PATHS = NO;
				CLANG_ANALYZER_NONNULL = YES;
				CLANG_ANALYZER_NUMBER_OBJECT_CONVERSION = YES_AGGRESSIVE;
				CLANG_CXX_LANGUAGE_STANDARD = "gnu++14";
				CLANG_CXX_LIBRARY = "libc++";
				CLANG_ENABLE_MODULES = YES;
				CLANG_ENABLE_OBJC_ARC = YES;
				CLANG_ENABLE_OBJC_WEAK = YES;
				CLANG_WARN_BLOCK_CAPTURE_AUTORELEASING = YES;
				CLANG_WARN_BOOL_CONVERSION = YES;
				CLANG_WARN_COMMA = YES;
				CLANG_WARN_CONSTANT_CONVERSION = YES;
				CLANG_WARN_DEPRECATED_OBJC_IMPLEMENTATIONS = YES;
				CLANG_WARN_DIRECT_OBJC_ISA_USAGE = YES_ERROR;
				CLANG_WARN_DOCUMENTATION_COMMENTS = YES;
				CLANG_WARN_EMPTY_BODY = YES;
				CLANG_WARN_ENUM_CONVERSION = YES;
				CLANG_WARN_INFINITE_RECURSION = YES;
				CLANG_WARN_INT_CONVERSION = YES;
				CLANG_WARN_NON_LITERAL_NULL_CONVERSION = YES;
				CLANG_WARN_OBJC_IMPLICIT_RETAIN_SELF = YES;
				CLANG_WARN_OBJC_LITERAL_CONVERSION = YES;
				CLANG_WARN_OBJC_ROOT_CLASS = YES_ERROR;
				CLANG_WARN_QUOTED_INCLUDE_IN_FRAMEWORK_HEADER = YES;
				CLANG_WARN_RANGE_LOOP_ANALYSIS = YES;
				CLANG_WARN_STRICT_PROTOTYPES = YES;
				CLANG_WARN_SUSPICIOUS_MOVE = YES;
				CLANG_WARN_UNGUARDED_AVAILABILITY = YES_AGGRESSIVE;
				CLANG_WARN_UNREACHABLE_CODE = YES;
				CLANG_WARN__DUPLICATE_METHOD_MATCH = YES;
				COPY_PHASE_STRIP = NO;
				DEBUG_INFORMATION_FORMAT = "dwarf-with-dsym";
				DEVELOPMENT_TEAM = "";
				ENABLE_NS_ASSERTIONS = NO;
				ENABLE_STRICT_OBJC_MSGSEND = YES;
				GCC_C_LANGUAGE_STANDARD = gnu11;
				GCC_NO_COMMON_BLOCKS = YES;
				GCC_WARN_64_TO_32_BIT_CONVERSION = YES;
				GCC_WARN_ABOUT_RETURN_TYPE = YES_ERROR;
				GCC_WARN_UNDECLARED_SELECTOR = YES;
				GCC_WARN_UNINITIALIZED_AUTOS = YES_AGGRESSIVE;
				GCC_WARN_UNUSED_FUNCTION = YES;
				GCC_WARN_UNUSED_VARIABLE = YES;
				IPHONEOS_DEPLOYMENT_TARGET = 17.0;
				MTL_ENABLE_DEBUG_INFO = NO;
				MTL_FAST_MATH = YES;
				PRODUCT_NAME = "$(TARGET_NAME)";
				SDKROOT = iphoneos;
				SWIFT_COMPILATION_MODE = wholemodule;
				SWIFT_OPTIMIZATION_LEVEL = "-O";
				SWIFT_VERSION = 6.0;
			};
			name = Release;
		};
		EA96E6D4847FC7A3A742525E /* Release */ = {
			isa = XCBuildConfiguration;
			buildSettings = {
				ASSETCATALOG_COMPILER_APPICON_NAME = AppIcon;
				CODE_SIGN_IDENTITY = "iPhone Developer";
				COREDATA_CODEGEN_SWIFT_STANDARD_LIBRARY_SUPPORT = YES;
				INFOPLIST_FILE = TodoApp/Info.plist;
				IPHONEOS_DEPLOYMENT_TARGET = 17.0;
				LD_RUNPATH_SEARCH_PATHS = (
					"$(inherited)",
					"@executable_path/Frameworks",
				);
				PRODUCT_BUNDLE_IDENTIFIER = com.example.TodoAppStoryboard;
				SDKROOT = iphoneos;
				SWIFT_VERSION = 6.0;
				TARGETED_DEVICE_FAMILY = "1,2";
			};
			name = Release;
		};
/* End XCBuildConfiguration section */

/* Begin XCConfigurationList section */
		8BC8FF42EC323B180129841B /* Build configuration list for PBXProject "TodoApp" */ = {
			isa = XCConfigurationList;
			buildConfigurations = (
				6E6041295D8E2A3A4F5AD6B1 /* Debug */,
				8702B1E4B249172B384378F1 /* Release */,
			);
			defaultConfigurationIsVisible = 0;
			defaultConfigurationName = Debug;
		};
		99DCFE5B50D6C8BFF21086C8 /* Build configuration list for PBXNativeTarget "TodoApp" */ = {
			isa = XCConfigurationList;
			buildConfigurations = (
				3D3DB130D4BEEF6713BEA8C6 /* Debug */,
				EA96E6D4847FC7A3A742525E /* Release */,
			);
			defaultConfigurationIsVisible = 0;
			defaultConfigurationName = Debug;
		};
		B293867205C530DA6B211F0B /* Build configuration list for PBXNativeTarget "TodoAppTests" */ = {
			isa = XCConfigurationList;
			buildConfigurations = (
				1EA9816CE99286CA7113DAD4 /* Debug */,
				55551A49B53257599BC6FBB0 /* Release */,
			);
			defaultConfigurationIsVisible = 0;
			defaultConfigurationName = Debug;
		};
/* End XCConfigurationList section */

/* Begin XCVersionGroup section */
		8F2B87A46B4C8EF12B81EBD3 /* TodoApp.xcdatamodeld */ = {
			isa = XCVersionGroup;
			children = (
				B5F6B57E87AB7768C585D59A /* TodoApp.xcdatamodel */,
			);
			currentVersion = B5F6B57E87AB7768C585D59A /* TodoApp.xcdatamodel */;
			path = TodoApp.xcdatamodeld;
			sourceTree = "<group>";
			versionGroupType = wrapper.xcdatamodel;
		};
/* End XCVersionGroup section */
	};
	rootObject = D5CCD88A2C3D798F3E5DB9F1 /* Project object */;
}
